
Microsoft Visual Studio Solution File, Format Version 12.00
# Visual Studio Version 16
VisualStudioVersion = 16.0.30611.23
MinimumVisualStudioVersion = 10.0.40219.1
Project("{FAE04EC0-301F-11D3-BF4B-00C04F79EFBC}") = "MvcPelicula", "MvcPelicula\MvcPelicula.csproj", "{A3490514-17C1-48AD-9F16-48719FD7CB31}"
EndProject
Global
	GlobalSection(SolutionConfigurationPlatforms) = preSolution
		Debug|Any CPU = Debug|Any CPU
		Release|Any CPU = Release|Any CPU
	EndGlobalSection
	GlobalSection(ProjectConfigurationPlatforms) = postSolution
		{A3490514-17C1-48AD-9F16-48719FD7CB31}.Debug|Any CPU.ActiveCfg = Debug|Any CPU
		{A3490514-17C1-48AD-9F16-48719FD7CB31}.Debug|Any CPU.Build.0 = Debug|Any CPU
		{A3490514-17C1-48AD-9F16-48719FD7CB31}.Release|Any CPU.ActiveCfg = Release|Any CPU
		{A3490514-17C1-48AD-9F16-48719FD7CB31}.Release|Any CPU.Build.0 = Release|Any CPU
	EndGlobalSection
	GlobalSection(SolutionProperties) = preSolution
		HideSolutionNode = FALSE
	EndGlobalSection
	GlobalSection(ExtensibilityGlobals) = postSolution
		SolutionGuid = {5E963A38-8BC8-4E2B-90EB-096B21B33714}
	EndGlobalSection
EndGlobal
